
Microsoft Visual Studio Solution File, Format Version 12.00
# Visual Studio Version 16
VisualStudioVersion = 16.0.32413.511
MinimumVisualStudioVersion = 10.0.40219.1
Project("{FAE04EC0-301F-11D3-BF4B-00C04F79EFBC}") = "WpfApp4", "WpfApp4\WpfApp4.csproj", "{0085E267-BBD9-4D75-A092-D1D05EEAEA9D}"
EndProject
Global
	GlobalSection(SolutionConfigurationPlatforms) = preSolution
		Debug|Any CPU = Debug|Any CPU
		Release|Any CPU = Release|Any CPU
	EndGlobalSection
	GlobalSection(ProjectConfigurationPlatforms) = postSolution
		{0085E267-BBD9-4D75-A092-D1D05EEAEA9D}.Debug|Any CPU.ActiveCfg = Debug|Any CPU
		{0085E267-BBD9-4D75-A092-D1D05EEAEA9D}.Debug|Any CPU.Build.0 = Debug|Any CPU
		{0085E267-BBD9-4D75-A092-D1D05EEAEA9D}.Release|Any CPU.ActiveCfg = Release|Any CPU
		{0085E267-BBD9-4D75-A092-D1D05EEAEA9D}.Release|Any CPU.Build.0 = Release|Any CPU
	EndGlobalSection
	GlobalSection(SolutionProperties) = preSolution
		HideSolutionNode = FALSE
	EndGlobalSection
	GlobalSection(ExtensibilityGlobals) = postSolution
		SolutionGuid = {C4FBB529-1AB2-40D5-8787-E0130EBBCA7F}
	EndGlobalSection
EndGlobal
